
Microsoft Visual Studio Solution File, Format Version 12.00
# Visual Studio Version 16
VisualStudioVersion = 16.0.30517.126
MinimumVisualStudioVersion = 10.0.40219.1
Project("{888888A0-9F3D-457C-B088-3A5042F75D52}") = "PythonApplication8", "PythonApplication8\PythonApplication8.pyproj", "{48E77ACB-B13A-4F35-9129-07029AD2552B}"
EndProject
Global
	GlobalSection(SolutionConfigurationPlatforms) = preSolution
		Debug|Any CPU = Debug|Any CPU
		Release|Any CPU = Release|Any CPU
	EndGlobalSection
	GlobalSection(ProjectConfigurationPlatforms) = postSolution
		{48E77ACB-B13A-4F35-9129-07029AD2552B}.Debug|Any CPU.ActiveCfg = Debug|Any CPU
		{48E77ACB-B13A-4F35-9129-07029AD2552B}.Release|Any CPU.ActiveCfg = Release|Any CPU
	EndGlobalSection
	GlobalSection(SolutionProperties) = preSolution
		HideSolutionNode = FALSE
	EndGlobalSection
	GlobalSection(ExtensibilityGlobals) = postSolution
		SolutionGuid = {FC81DB4C-D247-4CB8-93D1-A5A284B191C0}
	EndGlobalSection
EndGlobal
